{
  "nodes": {
    "nixpkgs": {
      "locked": {
        "lastModified": 1690083312,
        "narHash": "sha256-Up5tvtY9YlVEyVn9hfZcxFQi5qVhQ5hdVNGPQOUchNw=",
        "owner": "NixOS",
        "repo": "nixpkgs",
        "rev": "d24e7fdcfaecdca496ddd426cae98c9e2d12dfe8",
        "type": "github"
      },
      "original": {
        "id": "nixpkgs",
        "type": "indirect"
      }
    },
    "root": {
      "inputs": {
        "nixpkgs": "nixpkgs"
      }
    }
  },
  "root": "root",
  "version": 7
}
